<?xml version="1.0" encoding="utf-8"?>
<Project ToolsVersion="4.0" xmlns="http://schemas.microsoft.com/developer/msbuild/2003">
  <ItemGroup>
    <ClCompile Include="sq-compiler.cpp" />
    <ClCompile Include="..\squirrel\sqstdlib\sqstdblob.cpp">
      <Filter>squirrel</Filter>
    </ClCompile>
    <ClCompile Include="..\squirrel\sqstdlib\sqstdio.cpp">
      <Filter>squirrel</Filter>
    </ClCompile>
    <ClCompile Include="..\squirrel\sqstdlib\sqstdstream.cpp">
      <Filter>squirrel</Filter>
    </ClCompile>
    <ClCompile Include="..\squirrel\squirrel\sqapi.cpp">
      <Filter>squirrel</Filter>
    </ClCompile>
    <ClCompile Include="..\squirrel\squirrel\sqbaselib.cpp">
      <Filter>squirrel</Filter>
    </ClCompile>
    <ClCompile Include="..\squirrel\squirrel\sqclass.cpp">
      <Filter>squirrel</Filter>
    </ClCompile>
    <ClCompile Include="..\squirrel\squirrel\sqcompiler.cpp">
      <Filter>squirrel</Filter>
    </ClCompile>
    <ClCompile Include="..\squirrel\squirrel\sqdebug.cpp">
      <Filter>squirrel</Filter>
    </ClCompile>
    <ClCompile Include="..\squirrel\squirrel\sqfuncstate.cpp">
      <Filter>squirrel</Filter>
    </ClCompile>
    <ClCompile Include="..\squirrel\squirrel\sqlexer.cpp">
      <Filter>squirrel</Filter>
    </ClCompile>
    <ClCompile Include="..\squirrel\squirrel\sqmem.cpp">
      <Filter>squirrel</Filter>
    </ClCompile>
    <ClCompile Include="..\squirrel\squirrel\sqobject.cpp">
      <Filter>squirrel</Filter>
    </ClCompile>
    <ClCompile Include="..\squirrel\squirrel\sqstate.cpp">
      <Filter>squirrel</Filter>
    </ClCompile>
    <ClCompile Include="..\squirrel\squirrel\sqtable.cpp">
      <Filter>squirrel</Filter>
    </ClCompile>
    <ClCompile Include="..\squirrel\squirrel\sqvm.cpp">
      <Filter>squirrel</Filter>
    </ClCompile>
  </ItemGroup>
  <ItemGroup>
    <Filter Include="squirrel">
      <UniqueIdentifier>{77ce7bc4-bd3e-483b-84c2-97db4d2d3532}</UniqueIdentifier>
    </Filter>
  </ItemGroup>
  <ItemGroup>
    <ClInclude Include="..\squirrel\include\sqstdblob.h">
      <Filter>squirrel</Filter>
    </ClInclude>
    <ClInclude Include="..\squirrel\include\sqstdio.h">
      <Filter>squirrel</Filter>
    </ClInclude>
    <ClInclude Include="..\squirrel\include\squirrel.h">
      <Filter>squirrel</Filter>
    </ClInclude>
    <ClInclude Include="..\squirrel\sqstdlib\sqstdstream.h">
      <Filter>squirrel</Filter>
    </ClInclude>
    <ClInclude Include="..\squirrel\squirrel\sqarray.h">
      <Filter>squirrel</Filter>
    </ClInclude>
    <ClInclude Include="..\squirrel\squirrel\sqclass.h">
      <Filter>squirrel</Filter>
    </ClInclude>
    <ClInclude Include="..\squirrel\squirrel\sqclosure.h">
      <Filter>squirrel</Filter>
    </ClInclude>
    <ClInclude Include="..\squirrel\squirrel\sqcompiler.h">
      <Filter>squirrel</Filter>
    </ClInclude>
    <ClInclude Include="..\squirrel\squirrel\sqfuncproto.h">
      <Filter>squirrel</Filter>
    </ClInclude>
    <ClInclude Include="..\squirrel\squirrel\sqfuncstate.h">
      <Filter>squirrel</Filter>
    </ClInclude>
    <ClInclude Include="..\squirrel\squirrel\sqlexer.h">
      <Filter>squirrel</Filter>
    </ClInclude>
    <ClInclude Include="..\squirrel\squirrel\sqobject.h">
      <Filter>squirrel</Filter>
    </ClInclude>
    <ClInclude Include="..\squirrel\squirrel\sqopcodes.h">
      <Filter>squirrel</Filter>
    </ClInclude>
    <ClInclude Include="..\squirrel\squirrel\sqpcheader.h">
      <Filter>squirrel</Filter>
    </ClInclude>
    <ClInclude Include="..\squirrel\squirrel\sqstate.h">
      <Filter>squirrel</Filter>
    </ClInclude>
    <ClInclude Include="..\squirrel\squirrel\sqstring.h">
      <Filter>squirrel</Filter>
    </ClInclude>
    <ClInclude Include="..\squirrel\squirrel\sqtable.h">
      <Filter>squirrel</Filter>
    </ClInclude>
    <ClInclude Include="..\squirrel\squirrel\squserdata.h">
      <Filter>squirrel</Filter>
    </ClInclude>
    <ClInclude Include="..\squirrel\squirrel\squtils.h">
      <Filter>squirrel</Filter>
    </ClInclude>
    <ClInclude Include="..\squirrel\squirrel\sqvm.h">
      <Filter>squirrel</Filter>
    </ClInclude>
  </ItemGroup>
</Project>